{
  "requires": true,
  "lockfileVersion": 1,
  "dependencies": {
    "react-native-collapsible": {
      "version": "1.6.0",
      "resolved": "https://registry.npmjs.org/react-native-collapsible/-/react-native-collapsible-1.6.0.tgz",
      "integrity": "sha512-beZjdgbT9Y/Pg591Xy5XkKG20HffJiVad4n9bfcUF/f783A+tvOVXnqvbS58Lkaym93mi4jcDPMuW9Vc1t6rqg=="
    }
  }
}
